
Microsoft Visual Studio Solution File, Format Version 12.00
# Visual Studio 15
VisualStudioVersion = 15.0.28307.421
MinimumVisualStudioVersion = 10.0.40219.1
Project("{FAE04EC0-301F-11D3-BF4B-00C04F79EFBC}") = "WebApiTokenExample", "WebApiTokenExample\WebApiTokenExample.csproj", "{2DD5BD5B-3B32-47D8-BB41-CA6E52EFB2BE}"
EndProject
Global
	GlobalSection(SolutionConfigurationPlatforms) = preSolution
		Debug|Any CPU = Debug|Any CPU
		Release|Any CPU = Release|Any CPU
	EndGlobalSection
	GlobalSection(ProjectConfigurationPlatforms) = postSolution
		{2DD5BD5B-3B32-47D8-BB41-CA6E52EFB2BE}.Debug|Any CPU.ActiveCfg = Debug|Any CPU
		{2DD5BD5B-3B32-47D8-BB41-CA6E52EFB2BE}.Debug|Any CPU.Build.0 = Debug|Any CPU
		{2DD5BD5B-3B32-47D8-BB41-CA6E52EFB2BE}.Release|Any CPU.ActiveCfg = Release|Any CPU
		{2DD5BD5B-3B32-47D8-BB41-CA6E52EFB2BE}.Release|Any CPU.Build.0 = Release|Any CPU
	EndGlobalSection
	GlobalSection(SolutionProperties) = preSolution
		HideSolutionNode = FALSE
	EndGlobalSection
	GlobalSection(ExtensibilityGlobals) = postSolution
		SolutionGuid = {B8165B78-3E62-44DF-A50F-7BE7F827C77B}
	EndGlobalSection
EndGlobal
